
Microsoft Visual Studio Solution File, Format Version 12.00
# Visual Studio Version 16
VisualStudioVersion = 16.0.29411.108
MinimumVisualStudioVersion = 10.0.40219.1
Project("{F184B08F-C81C-45F6-A57F-5ABD9991F28F}") = "34972A_M_Res", "34972A_M_Res.vbproj", "{901DFA77-3999-44AB-AAEF-125D940BEDC0}"
EndProject
Global
	GlobalSection(SolutionConfigurationPlatforms) = preSolution
		Debug|Any CPU = Debug|Any CPU
		Release|Any CPU = Release|Any CPU
	EndGlobalSection
	GlobalSection(ProjectConfigurationPlatforms) = postSolution
		{901DFA77-3999-44AB-AAEF-125D940BEDC0}.Debug|Any CPU.ActiveCfg = Debug|Any CPU
		{901DFA77-3999-44AB-AAEF-125D940BEDC0}.Debug|Any CPU.Build.0 = Debug|Any CPU
		{901DFA77-3999-44AB-AAEF-125D940BEDC0}.Release|Any CPU.ActiveCfg = Release|Any CPU
		{901DFA77-3999-44AB-AAEF-125D940BEDC0}.Release|Any CPU.Build.0 = Release|Any CPU
	EndGlobalSection
	GlobalSection(SolutionProperties) = preSolution
		HideSolutionNode = FALSE
	EndGlobalSection
	GlobalSection(ExtensibilityGlobals) = postSolution
		SolutionGuid = {1F608FA3-F632-43A5-AC29-8AF8F8BFACA7}
	EndGlobalSection
EndGlobal
